# @generated by Move, please check-in and do not edit manually.

[move]
version = 3
manifest_digest = "177768246B0078F6951E7EA04960A73794B7709FCC251EC2030979BCA0F21DAC"
deps_digest = "3C4103934B1E040BB6B23F1D610B4EF9F2F1166A50A104EADCF77467C004C600"
dependencies = [
  { id = "Sui", name = "Sui" },
  { id = "suins", name = "suins" },
]

[[move.package]]
id = "MoveStdlib"
source = { git = "https://github.com/MystenLabs/sui.git", rev = "testnet", subdir = "crates/sui-framework/packages/move-stdlib" }

[[move.package]]
id = "Sui"
source = { git = "https://github.com/MystenLabs/sui.git", rev = "testnet", subdir = "crates/sui-framework/packages/sui-framework" }

dependencies = [
  { id = "MoveStdlib", name = "MoveStdlib" },
]

[[move.package]]
id = "suins"
source = { git = "https://github.com/mystenlabs/suins-contracts/", rev = "releases/testnet/core/v2", subdir = "packages/suins" }

dependencies = [
  { id = "Sui", name = "Sui" },
]

[move.toolchain-version]
compiler-version = "1.38.0"
edition = "2024.beta"
flavor = "sui"

[env]

[env.testnet]
chain-id = "4c78adac"
original-published-id = "0x5fadc858dab005149ca12fc5c48a7f458bab5b949fe5a2a86ed36498ad270e3a"
latest-published-id = "0x5fadc858dab005149ca12fc5c48a7f458bab5b949fe5a2a86ed36498ad270e3a"
published-version = "1"
